
Microsoft Visual Studio Solution File, Format Version 12.00
# Visual Studio Version 17
VisualStudioVersion = 17.2.32616.157
MinimumVisualStudioVersion = 10.0.40219.1
Project("{9A19103F-16F7-4668-BE54-9A1E7A4F7556}") = "PercentageCalculator", "PercentageCalculator\PercentageCalculator.csproj", "{78A4EC8F-9434-4A8C-9BEE-A2D1BEFDCC56}"
EndProject
Project("{FAE04EC0-301F-11D3-BF4B-00C04F79EFBC}") = "PercentageCalculationTest", "PercentageCalculationTest\PercentageCalculationTest.csproj", "{C34F027A-0B24-40F4-B680-750E8D2F6AB3}"
EndProject
Global
	GlobalSection(SolutionConfigurationPlatforms) = preSolution
		Debug|Any CPU = Debug|Any CPU
		Release|Any CPU = Release|Any CPU
	EndGlobalSection
	GlobalSection(ProjectConfigurationPlatforms) = postSolution
		{78A4EC8F-9434-4A8C-9BEE-A2D1BEFDCC56}.Debug|Any CPU.ActiveCfg = Debug|Any CPU
		{78A4EC8F-9434-4A8C-9BEE-A2D1BEFDCC56}.Debug|Any CPU.Build.0 = Debug|Any CPU
		{78A4EC8F-9434-4A8C-9BEE-A2D1BEFDCC56}.Release|Any CPU.ActiveCfg = Release|Any CPU
		{78A4EC8F-9434-4A8C-9BEE-A2D1BEFDCC56}.Release|Any CPU.Build.0 = Release|Any CPU
		{C34F027A-0B24-40F4-B680-750E8D2F6AB3}.Debug|Any CPU.ActiveCfg = Debug|Any CPU
		{C34F027A-0B24-40F4-B680-750E8D2F6AB3}.Debug|Any CPU.Build.0 = Debug|Any CPU
		{C34F027A-0B24-40F4-B680-750E8D2F6AB3}.Release|Any CPU.ActiveCfg = Release|Any CPU
		{C34F027A-0B24-40F4-B680-750E8D2F6AB3}.Release|Any CPU.Build.0 = Release|Any CPU
	EndGlobalSection
	GlobalSection(SolutionProperties) = preSolution
		HideSolutionNode = FALSE
	EndGlobalSection
	GlobalSection(ExtensibilityGlobals) = postSolution
		SolutionGuid = {32510783-E976-4346-830D-69B9B929F37F}
	EndGlobalSection
EndGlobal
